
Microsoft Visual Studio Solution File, Format Version 12.00
# Visual Studio Version 16
VisualStudioVersion = 16.0.31005.135
MinimumVisualStudioVersion = 10.0.40219.1
Project("{9A19103F-16F7-4668-BE54-9A1E7A4F7556}") = "LemureIdentIcons", "LemureIdentIcon\LemureIdentIcons.csproj", "{531B1B24-320C-4DF5-902D-74E842B58B91}"
EndProject
Project("{FAE04EC0-301F-11D3-BF4B-00C04F79EFBC}") = "LemureIdentIcons.Unit.Test", "LemureIdentIcons.Unit.Test\LemureIdentIcons.Unit.Test.csproj", "{4A00C1F1-5787-494D-A63C-6E11A4C23DE9}"
EndProject
Global
	GlobalSection(SolutionConfigurationPlatforms) = preSolution
		Debug|Any CPU = Debug|Any CPU
		Release|Any CPU = Release|Any CPU
	EndGlobalSection
	GlobalSection(ProjectConfigurationPlatforms) = postSolution
		{531B1B24-320C-4DF5-902D-74E842B58B91}.Debug|Any CPU.ActiveCfg = Debug|Any CPU
		{531B1B24-320C-4DF5-902D-74E842B58B91}.Debug|Any CPU.Build.0 = Debug|Any CPU
		{531B1B24-320C-4DF5-902D-74E842B58B91}.Release|Any CPU.ActiveCfg = Release|Any CPU
		{531B1B24-320C-4DF5-902D-74E842B58B91}.Release|Any CPU.Build.0 = Release|Any CPU
		{4A00C1F1-5787-494D-A63C-6E11A4C23DE9}.Debug|Any CPU.ActiveCfg = Debug|Any CPU
		{4A00C1F1-5787-494D-A63C-6E11A4C23DE9}.Debug|Any CPU.Build.0 = Debug|Any CPU
		{4A00C1F1-5787-494D-A63C-6E11A4C23DE9}.Release|Any CPU.ActiveCfg = Release|Any CPU
		{4A00C1F1-5787-494D-A63C-6E11A4C23DE9}.Release|Any CPU.Build.0 = Release|Any CPU
	EndGlobalSection
	GlobalSection(SolutionProperties) = preSolution
		HideSolutionNode = FALSE
	EndGlobalSection
	GlobalSection(ExtensibilityGlobals) = postSolution
		SolutionGuid = {17513D11-54EA-4481-842F-75F54BF8E22D}
	EndGlobalSection
EndGlobal
